
Microsoft Visual Studio Solution File, Format Version 12.00
# Visual Studio 15
VisualStudioVersion = 15.0.28307.645
MinimumVisualStudioVersion = 10.0.40219.1
Project("{FAE04EC0-301F-11D3-BF4B-00C04F79EFBC}") = "tassk9", "tassk9\tassk9.csproj", "{62E0D9FB-5EF8-418C-B5DD-7E8884FDEBD7}"
EndProject
Global
	GlobalSection(SolutionConfigurationPlatforms) = preSolution
		Debug|Any CPU = Debug|Any CPU
		Release|Any CPU = Release|Any CPU
	EndGlobalSection
	GlobalSection(ProjectConfigurationPlatforms) = postSolution
		{62E0D9FB-5EF8-418C-B5DD-7E8884FDEBD7}.Debug|Any CPU.ActiveCfg = Debug|Any CPU
		{62E0D9FB-5EF8-418C-B5DD-7E8884FDEBD7}.Debug|Any CPU.Build.0 = Debug|Any CPU
		{62E0D9FB-5EF8-418C-B5DD-7E8884FDEBD7}.Release|Any CPU.ActiveCfg = Release|Any CPU
		{62E0D9FB-5EF8-418C-B5DD-7E8884FDEBD7}.Release|Any CPU.Build.0 = Release|Any CPU
	EndGlobalSection
	GlobalSection(SolutionProperties) = preSolution
		HideSolutionNode = FALSE
	EndGlobalSection
	GlobalSection(ExtensibilityGlobals) = postSolution
		SolutionGuid = {90E1AC22-CDE1-4BBC-9904-0072CDF0C2EB}
	EndGlobalSection
EndGlobal
